
Microsoft Visual Studio Solution File, Format Version 12.00
# Visual Studio 15
VisualStudioVersion = 15.0.26403.3
MinimumVisualStudioVersion = 10.0.40219.1
Project("{FAE04EC0-301F-11D3-BF4B-00C04F79EFBC}") = "ElevenNote.Web", "ElevenNote.Web\ElevenNote.Web.csproj", "{CA8D8B7E-EC15-454F-A326-87155250CE00}"
EndProject
Project("{FAE04EC0-301F-11D3-BF4B-00C04F79EFBC}") = "ElevenNote.Data", "ElevenNote.Data\ElevenNote.Data.csproj", "{4BAFEFC6-162E-4911-A087-BC87D4791171}"
EndProject
Project("{FAE04EC0-301F-11D3-BF4B-00C04F79EFBC}") = "ElevenNote.Models", "ElevenNote.Models\ElevenNote.Models.csproj", "{66D4A01F-4102-4B2D-B279-D627715292F2}"
EndProject
Project("{FAE04EC0-301F-11D3-BF4B-00C04F79EFBC}") = "ElevenNote.Services", "ElevenNote.Services\ElevenNote.Services.csproj", "{32E80DFA-F44F-4708-AE5F-22CA5E7E89E1}"
EndProject
Global
	GlobalSection(SolutionConfigurationPlatforms) = preSolution
		Debug|Any CPU = Debug|Any CPU
		Release|Any CPU = Release|Any CPU
	EndGlobalSection
	GlobalSection(ProjectConfigurationPlatforms) = postSolution
		{CA8D8B7E-EC15-454F-A326-87155250CE00}.Debug|Any CPU.ActiveCfg = Debug|Any CPU
		{CA8D8B7E-EC15-454F-A326-87155250CE00}.Debug|Any CPU.Build.0 = Debug|Any CPU
		{CA8D8B7E-EC15-454F-A326-87155250CE00}.Release|Any CPU.ActiveCfg = Release|Any CPU
		{CA8D8B7E-EC15-454F-A326-87155250CE00}.Release|Any CPU.Build.0 = Release|Any CPU
		{4BAFEFC6-162E-4911-A087-BC87D4791171}.Debug|Any CPU.ActiveCfg = Debug|Any CPU
		{4BAFEFC6-162E-4911-A087-BC87D4791171}.Debug|Any CPU.Build.0 = Debug|Any CPU
		{4BAFEFC6-162E-4911-A087-BC87D4791171}.Release|Any CPU.ActiveCfg = Release|Any CPU
		{4BAFEFC6-162E-4911-A087-BC87D4791171}.Release|Any CPU.Build.0 = Release|Any CPU
		{66D4A01F-4102-4B2D-B279-D627715292F2}.Debug|Any CPU.ActiveCfg = Debug|Any CPU
		{66D4A01F-4102-4B2D-B279-D627715292F2}.Debug|Any CPU.Build.0 = Debug|Any CPU
		{66D4A01F-4102-4B2D-B279-D627715292F2}.Release|Any CPU.ActiveCfg = Release|Any CPU
		{66D4A01F-4102-4B2D-B279-D627715292F2}.Release|Any CPU.Build.0 = Release|Any CPU
		{32E80DFA-F44F-4708-AE5F-22CA5E7E89E1}.Debug|Any CPU.ActiveCfg = Debug|Any CPU
		{32E80DFA-F44F-4708-AE5F-22CA5E7E89E1}.Debug|Any CPU.Build.0 = Debug|Any CPU
		{32E80DFA-F44F-4708-AE5F-22CA5E7E89E1}.Release|Any CPU.ActiveCfg = Release|Any CPU
		{32E80DFA-F44F-4708-AE5F-22CA5E7E89E1}.Release|Any CPU.Build.0 = Release|Any CPU
	EndGlobalSection
	GlobalSection(SolutionProperties) = preSolution
		HideSolutionNode = FALSE
	EndGlobalSection
EndGlobal
